<?xml version="1.0" encoding="utf-8"?>
<Project ToolsVersion="4.0" xmlns="http://schemas.microsoft.com/developer/msbuild/2003">
  <ItemGroup>
    <Filter Include="Utilities">
      <UniqueIdentifier>{4dac6d70-4c3c-4fac-a935-7e9ba3b91e24}</UniqueIdentifier>
    </Filter>
    <Filter Include="Utilities\Camera">
      <UniqueIdentifier>{2aa6063a-8d0f-4573-a463-321b8e564a5b}</UniqueIdentifier>
    </Filter>
    <Filter Include="Utilities\ImageProcessing">
      <UniqueIdentifier>{3ff8d260-d5d2-43de-93e7-f10914dadae4}</UniqueIdentifier>
    </Filter>
    <Filter Include="Utilities\Input">
      <UniqueIdentifier>{2414f2ff-6ecd-4f39-9d1f-418218cf7d6a}</UniqueIdentifier>
    </Filter>
    <Filter Include="Utilities\RS232">
      <UniqueIdentifier>{3ef90e17-406a-4ec0-8415-68839b44e0d6}</UniqueIdentifier>
    </Filter>
    <Filter Include="Utilities\Timer">
      <UniqueIdentifier>{761b1401-610a-4e92-94f9-c67c8b412273}</UniqueIdentifier>
    </Filter>
    <Filter Include="Utilities\ImageProcessing\Binarizer">
      <UniqueIdentifier>{5efdb1d6-982a-4588-a101-69cb9a5910de}</UniqueIdentifier>
    </Filter>
    <Filter Include="Utilities\ImageProcessing\ObjectTracker">
      <UniqueIdentifier>{c730cc40-ecd5-43bc-ba0f-1767fbb3477a}</UniqueIdentifier>
    </Filter>
    <Filter Include="Utilities\ImageProcessing\RegionLabeler">
      <UniqueIdentifier>{e0382e51-321b-4811-938a-bcf0c0767328}</UniqueIdentifier>
    </Filter>
    <Filter Include="Utilities\Sensor">
      <UniqueIdentifier>{d62f5ac5-c6bd-4380-aa06-37e6747b993d}</UniqueIdentifier>
    </Filter>
    <Filter Include="Utilities\Sensor\SensorCalibrator">
      <UniqueIdentifier>{f51faa43-e9b0-4e46-bc6d-153e6bf9d60e}</UniqueIdentifier>
    </Filter>
    <Filter Include="Utilities\Sensor\SensorCalibrator\Accelerometer">
      <UniqueIdentifier>{4a5ba9ff-5801-4a02-965f-c76991645794}</UniqueIdentifier>
    </Filter>
    <Filter Include="Utilities\Sensor\SensorCalibrator\Gyro">
      <UniqueIdentifier>{779d60ac-c6df-4e6c-947b-219255e6c67a}</UniqueIdentifier>
    </Filter>
    <Filter Include="Utilities\Sensor\SensorDataReceiver">
      <UniqueIdentifier>{2f8b0361-39b1-41f5-a0ff-2549587be671}</UniqueIdentifier>
    </Filter>
    <Filter Include="Utilities\Sensor\SensorDataVisualizer">
      <UniqueIdentifier>{26e02f19-995b-491d-8fdb-78f3b3baca7b}</UniqueIdentifier>
    </Filter>
    <Filter Include="Utilities\Render">
      <UniqueIdentifier>{8b226c9c-a646-4230-85f3-89476c4d9499}</UniqueIdentifier>
    </Filter>
    <Filter Include="Utilities\Render\ImageRenderer">
      <UniqueIdentifier>{db83db91-ae98-4144-8626-5246f4fa0b95}</UniqueIdentifier>
    </Filter>
    <Filter Include="Utilities\Render\TextRenderer">
      <UniqueIdentifier>{bdeae24e-c74d-4d18-a3b8-aa5f5f100709}</UniqueIdentifier>
    </Filter>
  </ItemGroup>
  <ItemGroup>
    <ClInclude Include="Utility\Camera\CaptureDevice.h">
      <Filter>Utilities\Camera</Filter>
    </ClInclude>
    <ClInclude Include="Utility\Camera\CaptureDevice_PGRCamera2.h">
      <Filter>Utilities\Camera</Filter>
    </ClInclude>
    <ClInclude Include="Utility\Camera\CaptureDevice_PGRCamera2_FireflyMV.h">
      <Filter>Utilities\Camera</Filter>
    </ClInclude>
    <ClInclude Include="Utility\ImageProcessing\Binarizer.h">
      <Filter>Utilities\ImageProcessing\Binarizer</Filter>
    </ClInclude>
    <ClInclude Include="Utility\ImageProcessing\RegionLabeler.h">
      <Filter>Utilities\ImageProcessing\RegionLabeler</Filter>
    </ClInclude>
    <ClInclude Include="Utility\ImageProcessing\ObjectTracker.h">
      <Filter>Utilities\ImageProcessing\ObjectTracker</Filter>
    </ClInclude>
    <ClInclude Include="Utility\Inputter\Inputter.h">
      <Filter>Utilities\Input</Filter>
    </ClInclude>
    <ClInclude Include="Utility\Timer\Timer.h">
      <Filter>Utilities\Timer</Filter>
    </ClInclude>
    <ClInclude Include="Utility\SensorDataVisualizer\SensorDataVisualizer.h">
      <Filter>Utilities\Sensor\SensorDataVisualizer</Filter>
    </ClInclude>
    <ClInclude Include="Utility\SensorDataReceiver\SensorDataReceiver.h">
      <Filter>Utilities\Sensor\SensorDataReceiver</Filter>
    </ClInclude>
    <ClInclude Include="Utility\RS232C\rs232c.h">
      <Filter>Utilities\RS232</Filter>
    </ClInclude>
    <ClInclude Include="Utility\Renderer\ImageRenderer.h">
      <Filter>Utilities\Render\ImageRenderer</Filter>
    </ClInclude>
    <ClInclude Include="Utility\Renderer\TextRenderer.h">
      <Filter>Utilities\Render\TextRenderer</Filter>
    </ClInclude>
    <ClInclude Include="Utility\Renderer\Renderer.h">
      <Filter>Utilities\Render</Filter>
    </ClInclude>
    <ClInclude Include="Utility\AccelerometerCalibrator\AccelerometerCalibrator.h">
      <Filter>Utilities\Sensor\SensorCalibrator\Accelerometer</Filter>
    </ClInclude>
    <ClInclude Include="Utility\GyroCalibrator\GyroCalibrator.h">
      <Filter>Utilities\Sensor\SensorCalibrator\Gyro</Filter>
    </ClInclude>
    <ClInclude Include="Definitions.h" />
  </ItemGroup>
  <ItemGroup>
    <ClCompile Include="Utility\Camera\CaptureDevice.cpp">
      <Filter>Utilities\Camera</Filter>
    </ClCompile>
    <ClCompile Include="Utility\Camera\CaptureDevice_PGRCamera2.cpp">
      <Filter>Utilities\Camera</Filter>
    </ClCompile>
    <ClCompile Include="Utility\Camera\CaptureDevice_PGRCamera2_FireflyMV.cpp">
      <Filter>Utilities\Camera</Filter>
    </ClCompile>
    <ClCompile Include="Utility\ImageProcessing\Binarizer.cpp">
      <Filter>Utilities\ImageProcessing\Binarizer</Filter>
    </ClCompile>
    <ClCompile Include="Utility\ImageProcessing\RegionLabeler.cpp">
      <Filter>Utilities\ImageProcessing\RegionLabeler</Filter>
    </ClCompile>
    <ClCompile Include="Utility\ImageProcessing\ObjectTracker.cpp">
      <Filter>Utilities\ImageProcessing\ObjectTracker</Filter>
    </ClCompile>
    <ClCompile Include="Utility\Inputter\Inputter.cpp">
      <Filter>Utilities\Input</Filter>
    </ClCompile>
    <ClCompile Include="Utility\Timer\Timer.cpp">
      <Filter>Utilities\Timer</Filter>
    </ClCompile>
    <ClCompile Include="Utility\SensorDataVisualizer\SensorDataVisualizer.cpp">
      <Filter>Utilities\Sensor\SensorDataVisualizer</Filter>
    </ClCompile>
    <ClCompile Include="Utility\SensorDataReceiver\SensorDataReceiver.cpp">
      <Filter>Utilities\Sensor\SensorDataReceiver</Filter>
    </ClCompile>
    <ClCompile Include="Utility\RS232C\rs232c.cpp">
      <Filter>Utilities\RS232</Filter>
    </ClCompile>
    <ClCompile Include="Utility\Renderer\ImageRenderer.cpp">
      <Filter>Utilities\Render\ImageRenderer</Filter>
    </ClCompile>
    <ClCompile Include="Utility\Renderer\TextRenderer.cpp">
      <Filter>Utilities\Render\TextRenderer</Filter>
    </ClCompile>
    <ClCompile Include="Utility\Renderer\Renderer.cpp">
      <Filter>Utilities\Render</Filter>
    </ClCompile>
    <ClCompile Include="Utility\AccelerometerCalibrator\AccelerometerCalibrator.cpp">
      <Filter>Utilities\Sensor\SensorCalibrator\Accelerometer</Filter>
    </ClCompile>
    <ClCompile Include="Utility\GyroCalibrator\GyroCalibrator.cpp">
      <Filter>Utilities\Sensor\SensorCalibrator\Gyro</Filter>
    </ClCompile>
    <ClCompile Include="Main.cpp" />
  </ItemGroup>
</Project>